
Microsoft Visual Studio Solution File, Format Version 12.00
# Visual Studio 15
VisualStudioVersion = 15.0.27703.2000
MinimumVisualStudioVersion = 10.0.40219.1
Project("{FAE04EC0-301F-11D3-BF4B-00C04F79EFBC}") = "LibrosBiblicos", "LibrosBiblicos\LibrosBiblicos.csproj", "{382F9877-1BAE-4DC6-9BDC-BD0BBC568A4A}"
EndProject
Global
	GlobalSection(SolutionConfigurationPlatforms) = preSolution
		Debug|Any CPU = Debug|Any CPU
		Release|Any CPU = Release|Any CPU
	EndGlobalSection
	GlobalSection(ProjectConfigurationPlatforms) = postSolution
		{382F9877-1BAE-4DC6-9BDC-BD0BBC568A4A}.Debug|Any CPU.ActiveCfg = Debug|Any CPU
		{382F9877-1BAE-4DC6-9BDC-BD0BBC568A4A}.Debug|Any CPU.Build.0 = Debug|Any CPU
		{382F9877-1BAE-4DC6-9BDC-BD0BBC568A4A}.Release|Any CPU.ActiveCfg = Release|Any CPU
		{382F9877-1BAE-4DC6-9BDC-BD0BBC568A4A}.Release|Any CPU.Build.0 = Release|Any CPU
	EndGlobalSection
	GlobalSection(SolutionProperties) = preSolution
		HideSolutionNode = FALSE
	EndGlobalSection
	GlobalSection(ExtensibilityGlobals) = postSolution
		SolutionGuid = {2772A3BF-90B8-4C60-B028-CEA7380CCED9}
	EndGlobalSection
EndGlobal
